{
  "version": 4,
  "terraform_version": "1.7.5",
  "serial": 12,
  "lineage": "8e2c724f-be80-836e-c50a-e45b9c3e7526",
  "outputs": {
    "databricks_azure_workspace_resource_id": {
      "value": "/subscriptions/60992dbe-c574-4373-948b-bb02216c5b0a/resourceGroups/atxyf8-basic-demo-rg/providers/Microsoft.Databricks/workspaces/adb-atxyf8-workspace",
      "type": "string"
    },
    "workspace_url": {
      "value": "https://adb-4201311889544216.16.azuredatabricks.net/",
      "type": "string"
    }
  },
  "resources": [
    {
      "mode": "data",
      "type": "databricks_spark_version",
      "name": "latest_lts",
      "provider": "provider[\"registry.terraform.io/databricks/databricks\"]",
      "instances": [
        {
          "schema_version": 0,
          "attributes": {
            "beta": null,
            "genomics": null,
            "gpu": null,
            "graviton": null,
            "id": "15.4.x-scala2.12",
            "latest": true,
            "long_term_support": true,
            "ml": null,
            "photon": null,
            "scala": "2.12",
            "spark_version": null
          },
          "sensitive_attributes": []
        }
      ]
    },
    {
      "mode": "managed",
      "type": "azurerm_databricks_workspace",
      "name": "example",
      "provider": "provider[\"registry.terraform.io/hashicorp/azurerm\"]",
      "instances": [
        {
          "schema_version": 0,
          "attributes": {
            "custom_parameters": [
              {
                "machine_learning_workspace_id": "",
                "nat_gateway_name": "",
                "no_public_ip": true,
                "private_subnet_name": "adb-atxyf8-private",
                "private_subnet_network_security_group_association_id": "/subscriptions/60992dbe-c574-4373-948b-bb02216c5b0a/resourceGroups/atxyf8-basic-demo-rg/providers/Microsoft.Network/virtualNetworks/adb-atxyf8-vnet/subnets/adb-atxyf8-private",
                "public_ip_name": "nat-gw-public-ip",
                "public_subnet_name": "adb-atxyf8-public",
                "public_subnet_network_security_group_association_id": "/subscriptions/60992dbe-c574-4373-948b-bb02216c5b0a/resourceGroups/atxyf8-basic-demo-rg/providers/Microsoft.Network/virtualNetworks/adb-atxyf8-vnet/subnets/adb-atxyf8-public",
                "storage_account_name": "mycustomdbfsatxyf8",
                "storage_account_sku_name": "Standard_GRS",
                "virtual_network_id": "/subscriptions/60992dbe-c574-4373-948b-bb02216c5b0a/resourceGroups/atxyf8-basic-demo-rg/providers/Microsoft.Network/virtualNetworks/adb-atxyf8-vnet",
                "vnet_address_prefix": "10.139"
              }
            ],
            "customer_managed_key_enabled": false,
            "disk_encryption_set_id": null,
            "id": "/subscriptions/60992dbe-c574-4373-948b-bb02216c5b0a/resourceGroups/atxyf8-basic-demo-rg/providers/Microsoft.Databricks/workspaces/adb-atxyf8-workspace",
            "infrastructure_encryption_enabled": false,
            "load_balancer_backend_address_pool_id": "",
            "location": "southeastasia",
            "managed_disk_cmk_key_vault_key_id": null,
            "managed_disk_cmk_rotation_to_latest_version_enabled": null,
            "managed_disk_identity": [],
            "managed_resource_group_id": "/subscriptions/60992dbe-c574-4373-948b-bb02216c5b0a/resourceGroups/databricks-rg-atxyf8-basic-demo-rg",
            "managed_resource_group_name": "databricks-rg-atxyf8-basic-demo-rg",
            "managed_services_cmk_key_vault_key_id": null,
            "name": "adb-atxyf8-workspace",
            "network_security_group_rules_required": null,
            "public_network_access_enabled": true,
            "resource_group_name": "atxyf8-basic-demo-rg",
            "sku": "premium",
            "storage_account_identity": [],
            "tags": {
              "Environment": "Testing",
              "Epoch": "atxyf8"
            },
            "timeouts": null,
            "workspace_id": "4201311889544216",
            "workspace_url": "adb-4201311889544216.16.azuredatabricks.net"
          },
          "sensitive_attributes": [],
          "private": "eyJlMmJmYjczMC1lY2FhLTExZTYtOGY4OC0zNDM2M2JjN2M0YzAiOnsiY3JlYXRlIjoxODAwMDAwMDAwMDAwLCJkZWxldGUiOjE4MDAwMDAwMDAwMDAsInJlYWQiOjMwMDAwMDAwMDAwMCwidXBkYXRlIjoxODAwMDAwMDAwMDAwfX0=",
          "dependencies": [
            "azurerm_network_security_group.this",
            "azurerm_resource_group.this",
            "azurerm_subnet.private",
            "azurerm_subnet.public",
            "azurerm_subnet_network_security_group_association.private",
            "azurerm_subnet_network_security_group_association.public",
            "azurerm_virtual_network.this",
            "random_string.naming"
          ]
        }
      ]
    },
    {
      "mode": "managed",
      "type": "azurerm_network_security_group",
      "name": "this",
      "provider": "provider[\"registry.terraform.io/hashicorp/azurerm\"]",
      "instances": [
        {
          "schema_version": 0,
          "attributes": {
            "id": "/subscriptions/60992dbe-c574-4373-948b-bb02216c5b0a/resourceGroups/atxyf8-basic-demo-rg/providers/Microsoft.Network/networkSecurityGroups/adb-atxyf8-nsg",
            "location": "southeastasia",
            "name": "adb-atxyf8-nsg",
            "resource_group_name": "atxyf8-basic-demo-rg",
            "security_rule": [],
            "tags": {
              "Environment": "Testing",
              "Epoch": "atxyf8"
            },
            "timeouts": null
          },
          "sensitive_attributes": [],
          "private": "eyJlMmJmYjczMC1lY2FhLTExZTYtOGY4OC0zNDM2M2JjN2M0YzAiOnsiY3JlYXRlIjoxODAwMDAwMDAwMDAwLCJkZWxldGUiOjE4MDAwMDAwMDAwMDAsInJlYWQiOjMwMDAwMDAwMDAwMCwidXBkYXRlIjoxODAwMDAwMDAwMDAwfX0=",
          "dependencies": [
            "azurerm_resource_group.this",
            "random_string.naming"
          ]
        }
      ]
    },
    {
      "mode": "managed",
      "type": "azurerm_resource_group",
      "name": "this",
      "provider": "provider[\"registry.terraform.io/hashicorp/azurerm\"]",
      "instances": [
        {
          "schema_version": 0,
          "attributes": {
            "id": "/subscriptions/60992dbe-c574-4373-948b-bb02216c5b0a/resourceGroups/atxyf8-basic-demo-rg",
            "location": "southeastasia",
            "name": "atxyf8-basic-demo-rg",
            "tags": {
              "Environment": "Testing",
              "Epoch": "atxyf8"
            },
            "timeouts": null
          },
          "sensitive_attributes": [],
          "private": "eyJlMmJmYjczMC1lY2FhLTExZTYtOGY4OC0zNDM2M2JjN2M0YzAiOnsiY3JlYXRlIjo1NDAwMDAwMDAwMDAwLCJkZWxldGUiOjU0MDAwMDAwMDAwMDAsInJlYWQiOjMwMDAwMDAwMDAwMCwidXBkYXRlIjo1NDAwMDAwMDAwMDAwfX0=",
          "dependencies": [
            "random_string.naming"
          ]
        }
      ]
    },
    {
      "mode": "managed",
      "type": "azurerm_subnet",
      "name": "private",
      "provider": "provider[\"registry.terraform.io/hashicorp/azurerm\"]",
      "instances": [
        {
          "schema_version": 0,
          "attributes": {
            "address_prefixes": [
              "10.179.2.0/23"
            ],
            "delegation": [
              {
                "name": "databricks",
                "service_delegation": [
                  {
                    "actions": [
                      "Microsoft.Network/virtualNetworks/subnets/join/action",
                      "Microsoft.Network/virtualNetworks/subnets/prepareNetworkPolicies/action",
                      "Microsoft.Network/virtualNetworks/subnets/unprepareNetworkPolicies/action"
                    ],
                    "name": "Microsoft.Databricks/workspaces"
                  }
                ]
              }
            ],
            "enforce_private_link_endpoint_network_policies": false,
            "enforce_private_link_service_network_policies": false,
            "id": "/subscriptions/60992dbe-c574-4373-948b-bb02216c5b0a/resourceGroups/atxyf8-basic-demo-rg/providers/Microsoft.Network/virtualNetworks/adb-atxyf8-vnet/subnets/adb-atxyf8-private",
            "name": "adb-atxyf8-private",
            "private_endpoint_network_policies_enabled": true,
            "private_link_service_network_policies_enabled": true,
            "resource_group_name": "atxyf8-basic-demo-rg",
            "service_endpoint_policy_ids": null,
            "service_endpoints": null,
            "timeouts": null,
            "virtual_network_name": "adb-atxyf8-vnet"
          },
          "sensitive_attributes": [],
          "private": "eyJlMmJmYjczMC1lY2FhLTExZTYtOGY4OC0zNDM2M2JjN2M0YzAiOnsiY3JlYXRlIjoxODAwMDAwMDAwMDAwLCJkZWxldGUiOjE4MDAwMDAwMDAwMDAsInJlYWQiOjMwMDAwMDAwMDAwMCwidXBkYXRlIjoxODAwMDAwMDAwMDAwfX0=",
          "dependencies": [
            "azurerm_resource_group.this",
            "azurerm_virtual_network.this",
            "random_string.naming"
          ]
        }
      ]
    },
    {
      "mode": "managed",
      "type": "azurerm_subnet",
      "name": "public",
      "provider": "provider[\"registry.terraform.io/hashicorp/azurerm\"]",
      "instances": [
        {
          "schema_version": 0,
          "attributes": {
            "address_prefixes": [
              "10.179.0.0/23"
            ],
            "delegation": [
              {
                "name": "databricks",
                "service_delegation": [
                  {
                    "actions": [
                      "Microsoft.Network/virtualNetworks/subnets/join/action",
                      "Microsoft.Network/virtualNetworks/subnets/prepareNetworkPolicies/action",
                      "Microsoft.Network/virtualNetworks/subnets/unprepareNetworkPolicies/action"
                    ],
                    "name": "Microsoft.Databricks/workspaces"
                  }
                ]
              }
            ],
            "enforce_private_link_endpoint_network_policies": false,
            "enforce_private_link_service_network_policies": false,
            "id": "/subscriptions/60992dbe-c574-4373-948b-bb02216c5b0a/resourceGroups/atxyf8-basic-demo-rg/providers/Microsoft.Network/virtualNetworks/adb-atxyf8-vnet/subnets/adb-atxyf8-public",
            "name": "adb-atxyf8-public",
            "private_endpoint_network_policies_enabled": true,
            "private_link_service_network_policies_enabled": true,
            "resource_group_name": "atxyf8-basic-demo-rg",
            "service_endpoint_policy_ids": null,
            "service_endpoints": null,
            "timeouts": null,
            "virtual_network_name": "adb-atxyf8-vnet"
          },
          "sensitive_attributes": [],
          "private": "eyJlMmJmYjczMC1lY2FhLTExZTYtOGY4OC0zNDM2M2JjN2M0YzAiOnsiY3JlYXRlIjoxODAwMDAwMDAwMDAwLCJkZWxldGUiOjE4MDAwMDAwMDAwMDAsInJlYWQiOjMwMDAwMDAwMDAwMCwidXBkYXRlIjoxODAwMDAwMDAwMDAwfX0=",
          "dependencies": [
            "azurerm_resource_group.this",
            "azurerm_virtual_network.this",
            "random_string.naming"
          ]
        }
      ]
    },
    {
      "mode": "managed",
      "type": "azurerm_subnet_network_security_group_association",
      "name": "private",
      "provider": "provider[\"registry.terraform.io/hashicorp/azurerm\"]",
      "instances": [
        {
          "schema_version": 0,
          "attributes": {
            "id": "/subscriptions/60992dbe-c574-4373-948b-bb02216c5b0a/resourceGroups/atxyf8-basic-demo-rg/providers/Microsoft.Network/virtualNetworks/adb-atxyf8-vnet/subnets/adb-atxyf8-private",
            "network_security_group_id": "/subscriptions/60992dbe-c574-4373-948b-bb02216c5b0a/resourceGroups/atxyf8-basic-demo-rg/providers/Microsoft.Network/networkSecurityGroups/adb-atxyf8-nsg",
            "subnet_id": "/subscriptions/60992dbe-c574-4373-948b-bb02216c5b0a/resourceGroups/atxyf8-basic-demo-rg/providers/Microsoft.Network/virtualNetworks/adb-atxyf8-vnet/subnets/adb-atxyf8-private",
            "timeouts": null
          },
          "sensitive_attributes": [],
          "private": "eyJlMmJmYjczMC1lY2FhLTExZTYtOGY4OC0zNDM2M2JjN2M0YzAiOnsiY3JlYXRlIjoxODAwMDAwMDAwMDAwLCJkZWxldGUiOjE4MDAwMDAwMDAwMDAsInJlYWQiOjMwMDAwMDAwMDAwMCwidXBkYXRlIjoxODAwMDAwMDAwMDAwfX0=",
          "dependencies": [
            "azurerm_network_security_group.this",
            "azurerm_resource_group.this",
            "azurerm_subnet.private",
            "azurerm_virtual_network.this",
            "random_string.naming"
          ]
        }
      ]
    },
    {
      "mode": "managed",
      "type": "azurerm_subnet_network_security_group_association",
      "name": "public",
      "provider": "provider[\"registry.terraform.io/hashicorp/azurerm\"]",
      "instances": [
        {
          "schema_version": 0,
          "attributes": {
            "id": "/subscriptions/60992dbe-c574-4373-948b-bb02216c5b0a/resourceGroups/atxyf8-basic-demo-rg/providers/Microsoft.Network/virtualNetworks/adb-atxyf8-vnet/subnets/adb-atxyf8-public",
            "network_security_group_id": "/subscriptions/60992dbe-c574-4373-948b-bb02216c5b0a/resourceGroups/atxyf8-basic-demo-rg/providers/Microsoft.Network/networkSecurityGroups/adb-atxyf8-nsg",
            "subnet_id": "/subscriptions/60992dbe-c574-4373-948b-bb02216c5b0a/resourceGroups/atxyf8-basic-demo-rg/providers/Microsoft.Network/virtualNetworks/adb-atxyf8-vnet/subnets/adb-atxyf8-public",
            "timeouts": null
          },
          "sensitive_attributes": [],
          "private": "eyJlMmJmYjczMC1lY2FhLTExZTYtOGY4OC0zNDM2M2JjN2M0YzAiOnsiY3JlYXRlIjoxODAwMDAwMDAwMDAwLCJkZWxldGUiOjE4MDAwMDAwMDAwMDAsInJlYWQiOjMwMDAwMDAwMDAwMCwidXBkYXRlIjoxODAwMDAwMDAwMDAwfX0=",
          "dependencies": [
            "azurerm_network_security_group.this",
            "azurerm_resource_group.this",
            "azurerm_subnet.public",
            "azurerm_virtual_network.this",
            "random_string.naming"
          ]
        }
      ]
    },
    {
      "mode": "managed",
      "type": "azurerm_virtual_network",
      "name": "this",
      "provider": "provider[\"registry.terraform.io/hashicorp/azurerm\"]",
      "instances": [
        {
          "schema_version": 0,
          "attributes": {
            "address_space": [
              "10.179.0.0/20"
            ],
            "bgp_community": "",
            "ddos_protection_plan": [],
            "dns_servers": [],
            "edge_zone": "",
            "flow_timeout_in_minutes": 0,
            "guid": "98b514f0-1467-4cd5-a7f4-bdb440f26c64",
            "id": "/subscriptions/60992dbe-c574-4373-948b-bb02216c5b0a/resourceGroups/atxyf8-basic-demo-rg/providers/Microsoft.Network/virtualNetworks/adb-atxyf8-vnet",
            "location": "southeastasia",
            "name": "adb-atxyf8-vnet",
            "resource_group_name": "atxyf8-basic-demo-rg",
            "subnet": [],
            "tags": {
              "Environment": "Testing",
              "Epoch": "atxyf8"
            },
            "timeouts": null
          },
          "sensitive_attributes": [],
          "private": "eyJlMmJmYjczMC1lY2FhLTExZTYtOGY4OC0zNDM2M2JjN2M0YzAiOnsiY3JlYXRlIjoxODAwMDAwMDAwMDAwLCJkZWxldGUiOjE4MDAwMDAwMDAwMDAsInJlYWQiOjMwMDAwMDAwMDAwMCwidXBkYXRlIjoxODAwMDAwMDAwMDAwfX0=",
          "dependencies": [
            "azurerm_resource_group.this",
            "random_string.naming"
          ]
        }
      ]
    },
    {
      "mode": "managed",
      "type": "random_string",
      "name": "naming",
      "provider": "provider[\"registry.terraform.io/hashicorp/random\"]",
      "instances": [
        {
          "schema_version": 2,
          "attributes": {
            "id": "atxyf8",
            "keepers": null,
            "length": 6,
            "lower": true,
            "min_lower": 0,
            "min_numeric": 0,
            "min_special": 0,
            "min_upper": 0,
            "number": true,
            "numeric": true,
            "override_special": null,
            "result": "atxyf8",
            "special": false,
            "upper": false
          },
          "sensitive_attributes": []
        }
      ]
    }
  ],
  "check_results": null
}
